
Microsoft Visual Studio Solution File, Format Version 12.00
# Visual Studio Version 16
VisualStudioVersion = 16.0.30621.155
MinimumVisualStudioVersion = 10.0.40219.1
Project("{FAE04EC0-301F-11D3-BF4B-00C04F79EFBC}") = "EmployeeApplication", "EmployeeApplication\EmployeeApplication.csproj", "{AD089BB4-CDBD-4464-8085-9B5B2732B08B}"
EndProject
Global
	GlobalSection(SolutionConfigurationPlatforms) = preSolution
		Debug|Any CPU = Debug|Any CPU
		Release|Any CPU = Release|Any CPU
	EndGlobalSection
	GlobalSection(ProjectConfigurationPlatforms) = postSolution
		{AD089BB4-CDBD-4464-8085-9B5B2732B08B}.Debug|Any CPU.ActiveCfg = Debug|Any CPU
		{AD089BB4-CDBD-4464-8085-9B5B2732B08B}.Debug|Any CPU.Build.0 = Debug|Any CPU
		{AD089BB4-CDBD-4464-8085-9B5B2732B08B}.Release|Any CPU.ActiveCfg = Release|Any CPU
		{AD089BB4-CDBD-4464-8085-9B5B2732B08B}.Release|Any CPU.Build.0 = Release|Any CPU
	EndGlobalSection
	GlobalSection(SolutionProperties) = preSolution
		HideSolutionNode = FALSE
	EndGlobalSection
	GlobalSection(ExtensibilityGlobals) = postSolution
		SolutionGuid = {3656830F-6F21-4F97-84B0-92F656123DE6}
	EndGlobalSection
EndGlobal
