
Microsoft Visual Studio Solution File, Format Version 12.00
# Visual Studio Version 16
VisualStudioVersion = 16.0.30621.155
MinimumVisualStudioVersion = 10.0.40219.1
Project("{FAE04EC0-301F-11D3-BF4B-00C04F79EFBC}") = "FirstConsoleApplication", "FirstConsoleApplication\FirstConsoleApplication.csproj", "{99CBB2D3-F81F-4E6F-A6BC-1094E07C85BB}"
EndProject
Project("{FAE04EC0-301F-11D3-BF4B-00C04F79EFBC}") = "FirstFormsApplication", "FirstFormsApplication\FirstFormsApplication.csproj", "{6D569CCF-069E-42DC-BCC0-5D12C6F2BEA5}"
EndProject
Global
	GlobalSection(SolutionConfigurationPlatforms) = preSolution
		Debug|Any CPU = Debug|Any CPU
		Release|Any CPU = Release|Any CPU
	EndGlobalSection
	GlobalSection(ProjectConfigurationPlatforms) = postSolution
		{99CBB2D3-F81F-4E6F-A6BC-1094E07C85BB}.Debug|Any CPU.ActiveCfg = Debug|Any CPU
		{99CBB2D3-F81F-4E6F-A6BC-1094E07C85BB}.Debug|Any CPU.Build.0 = Debug|Any CPU
		{99CBB2D3-F81F-4E6F-A6BC-1094E07C85BB}.Release|Any CPU.ActiveCfg = Release|Any CPU
		{99CBB2D3-F81F-4E6F-A6BC-1094E07C85BB}.Release|Any CPU.Build.0 = Release|Any CPU
		{6D569CCF-069E-42DC-BCC0-5D12C6F2BEA5}.Debug|Any CPU.ActiveCfg = Debug|Any CPU
		{6D569CCF-069E-42DC-BCC0-5D12C6F2BEA5}.Debug|Any CPU.Build.0 = Debug|Any CPU
		{6D569CCF-069E-42DC-BCC0-5D12C6F2BEA5}.Release|Any CPU.ActiveCfg = Release|Any CPU
		{6D569CCF-069E-42DC-BCC0-5D12C6F2BEA5}.Release|Any CPU.Build.0 = Release|Any CPU
	EndGlobalSection
	GlobalSection(SolutionProperties) = preSolution
		HideSolutionNode = FALSE
	EndGlobalSection
	GlobalSection(ExtensibilityGlobals) = postSolution
		SolutionGuid = {95A7694F-E029-4D1B-97A5-56CDABDC5AFE}
	EndGlobalSection
EndGlobal
